// !$*UTF8*$!
{
	archiveVersion = 1;
	classes = {
	};
	objectVersion = 55;
	objects = {

/* Begin PBXBuildFile section */
		AC02EB4B27A95CED001C4480 /* iMessageChannelListHeader.swift in Sources */ = {isa = PBXBuildFile; fileRef = AC02EB4A27A95CED001C4480 /* iMessageChannelListHeader.swift */; };
		AC02EB4D27A95D7C001C4480 /* iMessageChannelListHeaderModifier.swift in Sources */ = {isa = PBXBuildFile; fileRef = AC02EB4C27A95D7C001C4480 /* iMessageChannelListHeaderModifier.swift */; };
		AC24F7C0286C8F30009FBF7E /* LeadingComposerView.swift in Sources */ = {isa = PBXBuildFile; fileRef = AC24F7BF286C8F30009FBF7E /* LeadingComposerView.swift */; };
		AC24F7C2286C98DE009FBF7E /* ComposerInputView.swift in Sources */ = {isa = PBXBuildFile; fileRef = AC24F7C1286C98DE009FBF7E /* ComposerInputView.swift */; };
		AC24F7C6286CA886009FBF7E /* LinkView.swift in Sources */ = {isa = PBXBuildFile; fileRef = AC24F7C5286CA886009FBF7E /* LinkView.swift */; };
		AC4A633C27AC473F00237420 /* PinnedChannelsView.swift in Sources */ = {isa = PBXBuildFile; fileRef = AC4A633B27AC473F00237420 /* PinnedChannelsView.swift */; };
		AC5277D927AA84E80065A092 /* iMessageChannelListItemView.swift in Sources */ = {isa = PBXBuildFile; fileRef = AC5277D827AA84E80065A092 /* iMessageChannelListItemView.swift */; };
		AC5277DD27AB0D510065A092 /* iMessageChannelListItem.swift in Sources */ = {isa = PBXBuildFile; fileRef = AC5277DC27AB0D510065A092 /* iMessageChannelListItem.swift */; };
		AC5277E327AC29010065A092 /* LeadingSwipeAreaView.swift in Sources */ = {isa = PBXBuildFile; fileRef = AC5277E227AC29010065A092 /* LeadingSwipeAreaView.swift */; };
		AC5277E527AC29C60065A092 /* TrailingSwipeAreaView.swift in Sources */ = {isa = PBXBuildFile; fileRef = AC5277E427AC29C60065A092 /* TrailingSwipeAreaView.swift */; };
		AC5277E727AC2CBE0065A092 /* iMessageChannelListViewModel.swift in Sources */ = {isa = PBXBuildFile; fileRef = AC5277E627AC2CBE0065A092 /* iMessageChannelListViewModel.swift */; };
		AC5277EA27AC45620065A092 /* OrderedCollections in Frameworks */ = {isa = PBXBuildFile; productRef = AC5277E927AC45620065A092 /* OrderedCollections */; };
		AC65D05A286C521600E01779 /* iMessageViewFactory+ChannelList.swift in Sources */ = {isa = PBXBuildFile; fileRef = AC65D059286C521600E01779 /* iMessageViewFactory+ChannelList.swift */; };
		AC65D05F286C592200E01779 /* MessageListHeaderViewModel.swift in Sources */ = {isa = PBXBuildFile; fileRef = AC65D05E286C592200E01779 /* MessageListHeaderViewModel.swift */; };
		AC65D064286C5BA200E01779 /* MessageListHeader.swift in Sources */ = {isa = PBXBuildFile; fileRef = AC65D063286C5BA200E01779 /* MessageListHeader.swift */; };
		AC65D066286C5D9F00E01779 /* MessageListHeaderModifier.swift in Sources */ = {isa = PBXBuildFile; fileRef = AC65D065286C5D9F00E01779 /* MessageListHeaderModifier.swift */; };
		AC65D068286C5F3700E01779 /* iMessageViewFactory+MessageList.swift in Sources */ = {isa = PBXBuildFile; fileRef = AC65D067286C5F3700E01779 /* iMessageViewFactory+MessageList.swift */; };
		AC65D06B286C73DF00E01779 /* MessageView.swift in Sources */ = {isa = PBXBuildFile; fileRef = AC65D06A286C73DF00E01779 /* MessageView.swift */; };
		AC9B379827A46350004765A9 /* iMessageCloneApp.swift in Sources */ = {isa = PBXBuildFile; fileRef = AC9B379727A46350004765A9 /* iMessageCloneApp.swift */; };
		AC9B379A27A46350004765A9 /* iMessageChannelList.swift in Sources */ = {isa = PBXBuildFile; fileRef = AC9B379927A46350004765A9 /* iMessageChannelList.swift */; };
		AC9B379C27A46351004765A9 /* Assets.xcassets in Resources */ = {isa = PBXBuildFile; fileRef = AC9B379B27A46351004765A9 /* Assets.xcassets */; };
		AC9B379F27A46351004765A9 /* Preview Assets.xcassets in Resources */ = {isa = PBXBuildFile; fileRef = AC9B379E27A46351004765A9 /* Preview Assets.xcassets */; };
		AC9B37A727A46526004765A9 /* StreamChatSwiftUI in Frameworks */ = {isa = PBXBuildFile; productRef = AC9B37A627A46526004765A9 /* StreamChatSwiftUI */; };
		AC9B37A927A466EE004765A9 /* AppDelegate.swift in Sources */ = {isa = PBXBuildFile; fileRef = AC9B37A827A466EE004765A9 /* AppDelegate.swift */; };
		AC9B37AB27A4677C004765A9 /* iMessageViewFactory.swift in Sources */ = {isa = PBXBuildFile; fileRef = AC9B37AA27A4677C004765A9 /* iMessageViewFactory.swift */; };
/* End PBXBuildFile section */

/* Begin PBXFileReference section */
		AC02EB4A27A95CED001C4480 /* iMessageChannelListHeader.swift */ = {isa = PBXFileReference; lastKnownFileType = sourcecode.swift; path = iMessageChannelListHeader.swift; sourceTree = "<group>"; };
		AC02EB4C27A95D7C001C4480 /* iMessageChannelListHeaderModifier.swift */ = {isa = PBXFileReference; lastKnownFileType = sourcecode.swift; path = iMessageChannelListHeaderModifier.swift; sourceTree = "<group>"; };
		AC24F7BF286C8F30009FBF7E /* LeadingComposerView.swift */ = {isa = PBXFileReference; lastKnownFileType = sourcecode.swift; path = LeadingComposerView.swift; sourceTree = "<group>"; };
		AC24F7C1286C98DE009FBF7E /* ComposerInputView.swift */ = {isa = PBXFileReference; lastKnownFileType = sourcecode.swift; path = ComposerInputView.swift; sourceTree = "<group>"; };
		AC24F7C5286CA886009FBF7E /* LinkView.swift */ = {isa = PBXFileReference; lastKnownFileType = sourcecode.swift; path = LinkView.swift; sourceTree = "<group>"; };
		AC4A633B27AC473F00237420 /* PinnedChannelsView.swift */ = {isa = PBXFileReference; lastKnownFileType = sourcecode.swift; path = PinnedChannelsView.swift; sourceTree = "<group>"; };
		AC5277D827AA84E80065A092 /* iMessageChannelListItemView.swift */ = {isa = PBXFileReference; lastKnownFileType = sourcecode.swift; path = iMessageChannelListItemView.swift; sourceTree = "<group>"; };
		AC5277DC27AB0D510065A092 /* iMessageChannelListItem.swift */ = {isa = PBXFileReference; lastKnownFileType = sourcecode.swift; path = iMessageChannelListItem.swift; sourceTree = "<group>"; };
		AC5277E227AC29010065A092 /* LeadingSwipeAreaView.swift */ = {isa = PBXFileReference; lastKnownFileType = sourcecode.swift; path = LeadingSwipeAreaView.swift; sourceTree = "<group>"; };
		AC5277E427AC29C60065A092 /* TrailingSwipeAreaView.swift */ = {isa = PBXFileReference; lastKnownFileType = sourcecode.swift; path = TrailingSwipeAreaView.swift; sourceTree = "<group>"; };
		AC5277E627AC2CBE0065A092 /* iMessageChannelListViewModel.swift */ = {isa = PBXFileReference; lastKnownFileType = sourcecode.swift; path = iMessageChannelListViewModel.swift; sourceTree = "<group>"; };
		AC65D059286C521600E01779 /* iMessageViewFactory+ChannelList.swift */ = {isa = PBXFileReference; lastKnownFileType = sourcecode.swift; path = "iMessageViewFactory+ChannelList.swift"; sourceTree = "<group>"; };
		AC65D05E286C592200E01779 /* MessageListHeaderViewModel.swift */ = {isa = PBXFileReference; lastKnownFileType = sourcecode.swift; path = MessageListHeaderViewModel.swift; sourceTree = "<group>"; };
		AC65D063286C5BA200E01779 /* MessageListHeader.swift */ = {isa = PBXFileReference; lastKnownFileType = sourcecode.swift; path = MessageListHeader.swift; sourceTree = "<group>"; };
		AC65D065286C5D9F00E01779 /* MessageListHeaderModifier.swift */ = {isa = PBXFileReference; lastKnownFileType = sourcecode.swift; path = MessageListHeaderModifier.swift; sourceTree = "<group>"; };
		AC65D067286C5F3700E01779 /* iMessageViewFactory+MessageList.swift */ = {isa = PBXFileReference; lastKnownFileType = sourcecode.swift; path = "iMessageViewFactory+MessageList.swift"; sourceTree = "<group>"; };
		AC65D06A286C73DF00E01779 /* MessageView.swift */ = {isa = PBXFileReference; lastKnownFileType = sourcecode.swift; path = MessageView.swift; sourceTree = "<group>"; };
		AC9B379427A46350004765A9 /* iMessageClone.app */ = {isa = PBXFileReference; explicitFileType = wrapper.application; includeInIndex = 0; path = iMessageClone.app; sourceTree = BUILT_PRODUCTS_DIR; };
		AC9B379727A46350004765A9 /* iMessageCloneApp.swift */ = {isa = PBXFileReference; lastKnownFileType = sourcecode.swift; path = iMessageCloneApp.swift; sourceTree = "<group>"; };
		AC9B379927A46350004765A9 /* iMessageChannelList.swift */ = {isa = PBXFileReference; lastKnownFileType = sourcecode.swift; path = iMessageChannelList.swift; sourceTree = "<group>"; };
		AC9B379B27A46351004765A9 /* Assets.xcassets */ = {isa = PBXFileReference; lastKnownFileType = folder.assetcatalog; path = Assets.xcassets; sourceTree = "<group>"; };
		AC9B379E27A46351004765A9 /* Preview Assets.xcassets */ = {isa = PBXFileReference; lastKnownFileType = folder.assetcatalog; path = "Preview Assets.xcassets"; sourceTree = "<group>"; };
		AC9B37A827A466EE004765A9 /* AppDelegate.swift */ = {isa = PBXFileReference; lastKnownFileType = sourcecode.swift; path = AppDelegate.swift; sourceTree = "<group>"; };
		AC9B37AA27A4677C004765A9 /* iMessageViewFactory.swift */ = {isa = PBXFileReference; lastKnownFileType = sourcecode.swift; path = iMessageViewFactory.swift; sourceTree = "<group>"; };
/* End PBXFileReference section */

/* Begin PBXFrameworksBuildPhase section */
		AC9B379127A46350004765A9 /* Frameworks */ = {
			isa = PBXFrameworksBuildPhase;
			buildActionMask = 2147483647;
			files = (
				AC5277EA27AC45620065A092 /* OrderedCollections in Frameworks */,
				AC9B37A727A46526004765A9 /* StreamChatSwiftUI in Frameworks */,
			);
			runOnlyForDeploymentPostprocessing = 0;
		};
/* End PBXFrameworksBuildPhase section */

/* Begin PBXGroup section */
		AC24F7BE286C8F23009FBF7E /* Composer */ = {
			isa = PBXGroup;
			children = (
				AC24F7BF286C8F30009FBF7E /* LeadingComposerView.swift */,
				AC24F7C1286C98DE009FBF7E /* ComposerInputView.swift */,
			);
			path = Composer;
			sourceTree = "<group>";
		};
		AC24F7C4286CA87D009FBF7E /* Attachments */ = {
			isa = PBXGroup;
			children = (
				AC24F7C5286CA886009FBF7E /* LinkView.swift */,
			);
			path = Attachments;
			sourceTree = "<group>";
		};
		AC65D05B286C58F900E01779 /* MessageList */ = {
			isa = PBXGroup;
			children = (
				AC65D05D286C590A00E01779 /* ViewModel */,
				AC65D05C286C590400E01779 /* View */,
			);
			path = MessageList;
			sourceTree = "<group>";
		};
		AC65D05C286C590400E01779 /* View */ = {
			isa = PBXGroup;
			children = (
				AC24F7C4286CA87D009FBF7E /* Attachments */,
				AC24F7BE286C8F23009FBF7E /* Composer */,
				AC65D069286C73D400E01779 /* Message */,
				AC65D062286C5B8300E01779 /* Header */,
			);
			path = View;
			sourceTree = "<group>";
		};
		AC65D05D286C590A00E01779 /* ViewModel */ = {
			isa = PBXGroup;
			children = (
				AC65D05E286C592200E01779 /* MessageListHeaderViewModel.swift */,
			);
			path = ViewModel;
			sourceTree = "<group>";
		};
		AC65D062286C5B8300E01779 /* Header */ = {
			isa = PBXGroup;
			children = (
				AC65D063286C5BA200E01779 /* MessageListHeader.swift */,
				AC65D065286C5D9F00E01779 /* MessageListHeaderModifier.swift */,
			);
			path = Header;
			sourceTree = "<group>";
		};
		AC65D069286C73D400E01779 /* Message */ = {
			isa = PBXGroup;
			children = (
				AC65D06A286C73DF00E01779 /* MessageView.swift */,
			);
			path = Message;
			sourceTree = "<group>";
		};
		AC9B378B27A46350004765A9 = {
			isa = PBXGroup;
			children = (
				AC9B379627A46350004765A9 /* iMessageClone */,
				AC9B379527A46350004765A9 /* Products */,
			);
			sourceTree = "<group>";
		};
		AC9B379527A46350004765A9 /* Products */ = {
			isa = PBXGroup;
			children = (
				AC9B379427A46350004765A9 /* iMessageClone.app */,
			);
			name = Products;
			sourceTree = "<group>";
		};
		AC9B379627A46350004765A9 /* iMessageClone */ = {
			isa = PBXGroup;
			children = (
				ACD129C62857264D007E6B97 /* StreamChat */,
				ACD129C32857261D007E6B97 /* ChannelList */,
				AC65D05B286C58F900E01779 /* MessageList */,
				AC9B379727A46350004765A9 /* iMessageCloneApp.swift */,
				AC9B379B27A46351004765A9 /* Assets.xcassets */,
				AC9B379D27A46351004765A9 /* Preview Content */,
			);
			path = iMessageClone;
			sourceTree = "<group>";
		};
		AC9B379D27A46351004765A9 /* Preview Content */ = {
			isa = PBXGroup;
			children = (
				AC9B379E27A46351004765A9 /* Preview Assets.xcassets */,
			);
			path = "Preview Content";
			sourceTree = "<group>";
		};
		ACD129C32857261D007E6B97 /* ChannelList */ = {
			isa = PBXGroup;
			children = (
				ACD129C528572631007E6B97 /* ViewModel */,
				ACD129C42857262A007E6B97 /* View */,
			);
			path = ChannelList;
			sourceTree = "<group>";
		};
		ACD129C42857262A007E6B97 /* View */ = {
			isa = PBXGroup;
			children = (
				ACD129C8285727C6007E6B97 /* ChannelHeader */,
				ACD129C7285727B4007E6B97 /* ChannelList */,
				ACD129C9285727CD007E6B97 /* ChannelListItem */,
			);
			path = View;
			sourceTree = "<group>";
		};
		ACD129C528572631007E6B97 /* ViewModel */ = {
			isa = PBXGroup;
			children = (
				AC5277E627AC2CBE0065A092 /* iMessageChannelListViewModel.swift */,
			);
			path = ViewModel;
			sourceTree = "<group>";
		};
		ACD129C62857264D007E6B97 /* StreamChat */ = {
			isa = PBXGroup;
			children = (
				AC9B37A827A466EE004765A9 /* AppDelegate.swift */,
				AC9B37AA27A4677C004765A9 /* iMessageViewFactory.swift */,
				AC65D059286C521600E01779 /* iMessageViewFactory+ChannelList.swift */,
				AC65D067286C5F3700E01779 /* iMessageViewFactory+MessageList.swift */,
			);
			path = StreamChat;
			sourceTree = "<group>";
		};
		ACD129C7285727B4007E6B97 /* ChannelList */ = {
			isa = PBXGroup;
			children = (
				AC9B379927A46350004765A9 /* iMessageChannelList.swift */,
				AC5277E227AC29010065A092 /* LeadingSwipeAreaView.swift */,
				AC4A633B27AC473F00237420 /* PinnedChannelsView.swift */,
				AC5277E427AC29C60065A092 /* TrailingSwipeAreaView.swift */,
			);
			path = ChannelList;
			sourceTree = "<group>";
		};
		ACD129C8285727C6007E6B97 /* ChannelHeader */ = {
			isa = PBXGroup;
			children = (
				AC02EB4A27A95CED001C4480 /* iMessageChannelListHeader.swift */,
				AC02EB4C27A95D7C001C4480 /* iMessageChannelListHeaderModifier.swift */,
			);
			path = ChannelHeader;
			sourceTree = "<group>";
		};
		ACD129C9285727CD007E6B97 /* ChannelListItem */ = {
			isa = PBXGroup;
			children = (
				AC5277DC27AB0D510065A092 /* iMessageChannelListItem.swift */,
				AC5277D827AA84E80065A092 /* iMessageChannelListItemView.swift */,
			);
			path = ChannelListItem;
			sourceTree = "<group>";
		};
/* End PBXGroup section */

/* Begin PBXNativeTarget section */
		AC9B379327A46350004765A9 /* iMessageClone */ = {
			isa = PBXNativeTarget;
			buildConfigurationList = AC9B37A227A46351004765A9 /* Build configuration list for PBXNativeTarget "iMessageClone" */;
			buildPhases = (
				AC9B379027A46350004765A9 /* Sources */,
				AC9B379127A46350004765A9 /* Frameworks */,
				AC9B379227A46350004765A9 /* Resources */,
			);
			buildRules = (
			);
			dependencies = (
			);
			name = iMessageClone;
			packageProductDependencies = (
				AC9B37A627A46526004765A9 /* StreamChatSwiftUI */,
				AC5277E927AC45620065A092 /* OrderedCollections */,
			);
			productName = iMessageClone;
			productReference = AC9B379427A46350004765A9 /* iMessageClone.app */;
			productType = "com.apple.product-type.application";
		};
/* End PBXNativeTarget section */

/* Begin PBXProject section */
		AC9B378C27A46350004765A9 /* Project object */ = {
			isa = PBXProject;
			attributes = {
				BuildIndependentTargetsInParallel = 1;
				LastSwiftUpdateCheck = 1320;
				LastUpgradeCheck = 1320;
				TargetAttributes = {
					AC9B379327A46350004765A9 = {
						CreatedOnToolsVersion = 13.2;
					};
				};
			};
			buildConfigurationList = AC9B378F27A46350004765A9 /* Build configuration list for PBXProject "iMessageClone" */;
			compatibilityVersion = "Xcode 13.0";
			developmentRegion = en;
			hasScannedForEncodings = 0;
			knownRegions = (
				en,
				Base,
			);
			mainGroup = AC9B378B27A46350004765A9;
			packageReferences = (
				AC9B37A527A46526004765A9 /* XCRemoteSwiftPackageReference "stream-chat-swiftui" */,
				AC5277E827AC45620065A092 /* XCRemoteSwiftPackageReference "swift-collections" */,
			);
			productRefGroup = AC9B379527A46350004765A9 /* Products */;
			projectDirPath = "";
			projectRoot = "";
			targets = (
				AC9B379327A46350004765A9 /* iMessageClone */,
			);
		};
/* End PBXProject section */

/* Begin PBXResourcesBuildPhase section */
		AC9B379227A46350004765A9 /* Resources */ = {
			isa = PBXResourcesBuildPhase;
			buildActionMask = 2147483647;
			files = (
				AC9B379F27A46351004765A9 /* Preview Assets.xcassets in Resources */,
				AC9B379C27A46351004765A9 /* Assets.xcassets in Resources */,
			);
			runOnlyForDeploymentPostprocessing = 0;
		};
/* End PBXResourcesBuildPhase section */

/* Begin PBXSourcesBuildPhase section */
		AC9B379027A46350004765A9 /* Sources */ = {
			isa = PBXSourcesBuildPhase;
			buildActionMask = 2147483647;
			files = (
				AC4A633C27AC473F00237420 /* PinnedChannelsView.swift in Sources */,
				AC5277E327AC29010065A092 /* LeadingSwipeAreaView.swift in Sources */,
				AC9B37A927A466EE004765A9 /* AppDelegate.swift in Sources */,
				AC65D066286C5D9F00E01779 /* MessageListHeaderModifier.swift in Sources */,
				AC5277E527AC29C60065A092 /* TrailingSwipeAreaView.swift in Sources */,
				AC24F7C2286C98DE009FBF7E /* ComposerInputView.swift in Sources */,
				AC65D05A286C521600E01779 /* iMessageViewFactory+ChannelList.swift in Sources */,
				AC65D068286C5F3700E01779 /* iMessageViewFactory+MessageList.swift in Sources */,
				AC9B37AB27A4677C004765A9 /* iMessageViewFactory.swift in Sources */,
				AC24F7C0286C8F30009FBF7E /* LeadingComposerView.swift in Sources */,
				AC65D064286C5BA200E01779 /* MessageListHeader.swift in Sources */,
				AC5277DD27AB0D510065A092 /* iMessageChannelListItem.swift in Sources */,
				AC9B379A27A46350004765A9 /* iMessageChannelList.swift in Sources */,
				AC5277D927AA84E80065A092 /* iMessageChannelListItemView.swift in Sources */,
				AC65D06B286C73DF00E01779 /* MessageView.swift in Sources */,
				AC5277E727AC2CBE0065A092 /* iMessageChannelListViewModel.swift in Sources */,
				AC9B379827A46350004765A9 /* iMessageCloneApp.swift in Sources */,
				AC02EB4B27A95CED001C4480 /* iMessageChannelListHeader.swift in Sources */,
				AC65D05F286C592200E01779 /* MessageListHeaderViewModel.swift in Sources */,
				AC24F7C6286CA886009FBF7E /* LinkView.swift in Sources */,
				AC02EB4D27A95D7C001C4480 /* iMessageChannelListHeaderModifier.swift in Sources */,
			);
			runOnlyForDeploymentPostprocessing = 0;
		};
/* End PBXSourcesBuildPhase section */

/* Begin XCBuildConfiguration section */
		AC9B37A027A46351004765A9 /* Debug */ = {
			isa = XCBuildConfiguration;
			buildSettings = {
				ALWAYS_SEARCH_USER_PATHS = NO;
				CLANG_ANALYZER_NONNULL = YES;
				CLANG_ANALYZER_NUMBER_OBJECT_CONVERSION = YES_AGGRESSIVE;
				CLANG_CXX_LANGUAGE_STANDARD = "gnu++17";
				CLANG_CXX_LIBRARY = "libc++";
				CLANG_ENABLE_MODULES = YES;
				CLANG_ENABLE_OBJC_ARC = YES;
				CLANG_ENABLE_OBJC_WEAK = YES;
				CLANG_WARN_BLOCK_CAPTURE_AUTORELEASING = YES;
				CLANG_WARN_BOOL_CONVERSION = YES;
				CLANG_WARN_COMMA = YES;
				CLANG_WARN_CONSTANT_CONVERSION = YES;
				CLANG_WARN_DEPRECATED_OBJC_IMPLEMENTATIONS = YES;
				CLANG_WARN_DIRECT_OBJC_ISA_USAGE = YES_ERROR;
				CLANG_WARN_DOCUMENTATION_COMMENTS = YES;
				CLANG_WARN_EMPTY_BODY = YES;
				CLANG_WARN_ENUM_CONVERSION = YES;
				CLANG_WARN_INFINITE_RECURSION = YES;
				CLANG_WARN_INT_CONVERSION = YES;
				CLANG_WARN_NON_LITERAL_NULL_CONVERSION = YES;
				CLANG_WARN_OBJC_IMPLICIT_RETAIN_SELF = YES;
				CLANG_WARN_OBJC_LITERAL_CONVERSION = YES;
				CLANG_WARN_OBJC_ROOT_CLASS = YES_ERROR;
				CLANG_WARN_QUOTED_INCLUDE_IN_FRAMEWORK_HEADER = YES;
				CLANG_WARN_RANGE_LOOP_ANALYSIS = YES;
				CLANG_WARN_STRICT_PROTOTYPES = YES;
				CLANG_WARN_SUSPICIOUS_MOVE = YES;
				CLANG_WARN_UNGUARDED_AVAILABILITY = YES_AGGRESSIVE;
				CLANG_WARN_UNREACHABLE_CODE = YES;
				CLANG_WARN__DUPLICATE_METHOD_MATCH = YES;
				COPY_PHASE_STRIP = NO;
				DEBUG_INFORMATION_FORMAT = dwarf;
				ENABLE_STRICT_OBJC_MSGSEND = YES;
				ENABLE_TESTABILITY = YES;
				GCC_C_LANGUAGE_STANDARD = gnu11;
				GCC_DYNAMIC_NO_PIC = NO;
				GCC_NO_COMMON_BLOCKS = YES;
				GCC_OPTIMIZATION_LEVEL = 0;
				GCC_PREPROCESSOR_DEFINITIONS = (
					"DEBUG=1",
					"$(inherited)",
				);
				GCC_WARN_64_TO_32_BIT_CONVERSION = YES;
				GCC_WARN_ABOUT_RETURN_TYPE = YES_ERROR;
				GCC_WARN_UNDECLARED_SELECTOR = YES;
				GCC_WARN_UNINITIALIZED_AUTOS = YES_AGGRESSIVE;
				GCC_WARN_UNUSED_FUNCTION = YES;
				GCC_WARN_UNUSED_VARIABLE = YES;
				IPHONEOS_DEPLOYMENT_TARGET = 15.2;
				MTL_ENABLE_DEBUG_INFO = INCLUDE_SOURCE;
				MTL_FAST_MATH = YES;
				ONLY_ACTIVE_ARCH = YES;
				SDKROOT = iphoneos;
				SWIFT_ACTIVE_COMPILATION_CONDITIONS = DEBUG;
				SWIFT_OPTIMIZATION_LEVEL = "-Onone";
			};
			name = Debug;
		};
		AC9B37A127A46351004765A9 /* Release */ = {
			isa = XCBuildConfiguration;
			buildSettings = {
				ALWAYS_SEARCH_USER_PATHS = NO;
				CLANG_ANALYZER_NONNULL = YES;
				CLANG_ANALYZER_NUMBER_OBJECT_CONVERSION = YES_AGGRESSIVE;
				CLANG_CXX_LANGUAGE_STANDARD = "gnu++17";
				CLANG_CXX_LIBRARY = "libc++";
				CLANG_ENABLE_MODULES = YES;
				CLANG_ENABLE_OBJC_ARC = YES;
				CLANG_ENABLE_OBJC_WEAK = YES;
				CLANG_WARN_BLOCK_CAPTURE_AUTORELEASING = YES;
				CLANG_WARN_BOOL_CONVERSION = YES;
				CLANG_WARN_COMMA = YES;
				CLANG_WARN_CONSTANT_CONVERSION = YES;
				CLANG_WARN_DEPRECATED_OBJC_IMPLEMENTATIONS = YES;
				CLANG_WARN_DIRECT_OBJC_ISA_USAGE = YES_ERROR;
				CLANG_WARN_DOCUMENTATION_COMMENTS = YES;
				CLANG_WARN_EMPTY_BODY = YES;
				CLANG_WARN_ENUM_CONVERSION = YES;
				CLANG_WARN_INFINITE_RECURSION = YES;
				CLANG_WARN_INT_CONVERSION = YES;
				CLANG_WARN_NON_LITERAL_NULL_CONVERSION = YES;
				CLANG_WARN_OBJC_IMPLICIT_RETAIN_SELF = YES;
				CLANG_WARN_OBJC_LITERAL_CONVERSION = YES;
				CLANG_WARN_OBJC_ROOT_CLASS = YES_ERROR;
				CLANG_WARN_QUOTED_INCLUDE_IN_FRAMEWORK_HEADER = YES;
				CLANG_WARN_RANGE_LOOP_ANALYSIS = YES;
				CLANG_WARN_STRICT_PROTOTYPES = YES;
				CLANG_WARN_SUSPICIOUS_MOVE = YES;
				CLANG_WARN_UNGUARDED_AVAILABILITY = YES_AGGRESSIVE;
				CLANG_WARN_UNREACHABLE_CODE = YES;
				CLANG_WARN__DUPLICATE_METHOD_MATCH = YES;
				COPY_PHASE_STRIP = NO;
				DEBUG_INFORMATION_FORMAT = "dwarf-with-dsym";
				ENABLE_NS_ASSERTIONS = NO;
				ENABLE_STRICT_OBJC_MSGSEND = YES;
				GCC_C_LANGUAGE_STANDARD = gnu11;
				GCC_NO_COMMON_BLOCKS = YES;
				GCC_WARN_64_TO_32_BIT_CONVERSION = YES;
				GCC_WARN_ABOUT_RETURN_TYPE = YES_ERROR;
				GCC_WARN_UNDECLARED_SELECTOR = YES;
				GCC_WARN_UNINITIALIZED_AUTOS = YES_AGGRESSIVE;
				GCC_WARN_UNUSED_FUNCTION = YES;
				GCC_WARN_UNUSED_VARIABLE = YES;
				IPHONEOS_DEPLOYMENT_TARGET = 15.2;
				MTL_ENABLE_DEBUG_INFO = NO;
				MTL_FAST_MATH = YES;
				SDKROOT = iphoneos;
				SWIFT_COMPILATION_MODE = wholemodule;
				SWIFT_OPTIMIZATION_LEVEL = "-O";
				VALIDATE_PRODUCT = YES;
			};
			name = Release;
		};
		AC9B37A327A46351004765A9 /* Debug */ = {
			isa = XCBuildConfiguration;
			buildSettings = {
				ASSETCATALOG_COMPILER_APPICON_NAME = AppIcon;
				ASSETCATALOG_COMPILER_GLOBAL_ACCENT_COLOR_NAME = AccentColor;
				CODE_SIGN_STYLE = Automatic;
				CURRENT_PROJECT_VERSION = 1;
				DEVELOPMENT_ASSET_PATHS = "\"iMessageClone/Preview Content\"";
				DEVELOPMENT_TEAM = JY49624W8T;
				ENABLE_PREVIEWS = YES;
				GENERATE_INFOPLIST_FILE = YES;
				INFOPLIST_KEY_NSPhotoLibraryUsageDescription = "In order to send images we need to access them.";
				INFOPLIST_KEY_UIApplicationSceneManifest_Generation = YES;
				INFOPLIST_KEY_UIApplicationSupportsIndirectInputEvents = YES;
				INFOPLIST_KEY_UILaunchScreen_Generation = YES;
				INFOPLIST_KEY_UISupportedInterfaceOrientations_iPad = "UIInterfaceOrientationPortrait UIInterfaceOrientationPortraitUpsideDown UIInterfaceOrientationLandscapeLeft UIInterfaceOrientationLandscapeRight";
				INFOPLIST_KEY_UISupportedInterfaceOrientations_iPhone = "UIInterfaceOrientationPortrait UIInterfaceOrientationLandscapeLeft UIInterfaceOrientationLandscapeRight";
				LD_RUNPATH_SEARCH_PATHS = (
					"$(inherited)",
					"@executable_path/Frameworks",
				);
				MARKETING_VERSION = 1.0;
				PRODUCT_BUNDLE_IDENTIFIER = com.stefanblos.iMessageClone;
				PRODUCT_NAME = "$(TARGET_NAME)";
				SWIFT_EMIT_LOC_STRINGS = YES;
				SWIFT_VERSION = 5.0;
				TARGETED_DEVICE_FAMILY = "1,2";
			};
			name = Debug;
		};
		AC9B37A427A46351004765A9 /* Release */ = {
			isa = XCBuildConfiguration;
			buildSettings = {
				ASSETCATALOG_COMPILER_APPICON_NAME = AppIcon;
				ASSETCATALOG_COMPILER_GLOBAL_ACCENT_COLOR_NAME = AccentColor;
				CODE_SIGN_STYLE = Automatic;
				CURRENT_PROJECT_VERSION = 1;
				DEVELOPMENT_ASSET_PATHS = "\"iMessageClone/Preview Content\"";
				DEVELOPMENT_TEAM = JY49624W8T;
				ENABLE_PREVIEWS = YES;
				GENERATE_INFOPLIST_FILE = YES;
				INFOPLIST_KEY_NSPhotoLibraryUsageDescription = "In order to send images we need to access them.";
				INFOPLIST_KEY_UIApplicationSceneManifest_Generation = YES;
				INFOPLIST_KEY_UIApplicationSupportsIndirectInputEvents = YES;
				INFOPLIST_KEY_UILaunchScreen_Generation = YES;
				INFOPLIST_KEY_UISupportedInterfaceOrientations_iPad = "UIInterfaceOrientationPortrait UIInterfaceOrientationPortraitUpsideDown UIInterfaceOrientationLandscapeLeft UIInterfaceOrientationLandscapeRight";
				INFOPLIST_KEY_UISupportedInterfaceOrientations_iPhone = "UIInterfaceOrientationPortrait UIInterfaceOrientationLandscapeLeft UIInterfaceOrientationLandscapeRight";
				LD_RUNPATH_SEARCH_PATHS = (
					"$(inherited)",
					"@executable_path/Frameworks",
				);
				MARKETING_VERSION = 1.0;
				PRODUCT_BUNDLE_IDENTIFIER = com.stefanblos.iMessageClone;
				PRODUCT_NAME = "$(TARGET_NAME)";
				SWIFT_EMIT_LOC_STRINGS = YES;
				SWIFT_VERSION = 5.0;
				TARGETED_DEVICE_FAMILY = "1,2";
			};
			name = Release;
		};
/* End XCBuildConfiguration section */

/* Begin XCConfigurationList section */
		AC9B378F27A46350004765A9 /* Build configuration list for PBXProject "iMessageClone" */ = {
			isa = XCConfigurationList;
			buildConfigurations = (
				AC9B37A027A46351004765A9 /* Debug */,
				AC9B37A127A46351004765A9 /* Release */,
			);
			defaultConfigurationIsVisible = 0;
			defaultConfigurationName = Release;
		};
		AC9B37A227A46351004765A9 /* Build configuration list for PBXNativeTarget "iMessageClone" */ = {
			isa = XCConfigurationList;
			buildConfigurations = (
				AC9B37A327A46351004765A9 /* Debug */,
				AC9B37A427A46351004765A9 /* Release */,
			);
			defaultConfigurationIsVisible = 0;
			defaultConfigurationName = Release;
		};
/* End XCConfigurationList section */

/* Begin XCRemoteSwiftPackageReference section */
		AC5277E827AC45620065A092 /* XCRemoteSwiftPackageReference "swift-collections" */ = {
			isa = XCRemoteSwiftPackageReference;
			repositoryURL = "https://github.com/apple/swift-collections.git";
			requirement = {
				kind = upToNextMajorVersion;
				minimumVersion = 1.0.0;
			};
		};
		AC9B37A527A46526004765A9 /* XCRemoteSwiftPackageReference "stream-chat-swiftui" */ = {
			isa = XCRemoteSwiftPackageReference;
			repositoryURL = "https://github.com/getstream/stream-chat-swiftui";
			requirement = {
				kind = upToNextMajorVersion;
				minimumVersion = 4.16.0;
			};
		};
/* End XCRemoteSwiftPackageReference section */

/* Begin XCSwiftPackageProductDependency section */
		AC5277E927AC45620065A092 /* OrderedCollections */ = {
			isa = XCSwiftPackageProductDependency;
			package = AC5277E827AC45620065A092 /* XCRemoteSwiftPackageReference "swift-collections" */;
			productName = OrderedCollections;
		};
		AC9B37A627A46526004765A9 /* StreamChatSwiftUI */ = {
			isa = XCSwiftPackageProductDependency;
			package = AC9B37A527A46526004765A9 /* XCRemoteSwiftPackageReference "stream-chat-swiftui" */;
			productName = StreamChatSwiftUI;
		};
/* End XCSwiftPackageProductDependency section */
	};
	rootObject = AC9B378C27A46350004765A9 /* Project object */;
}
